PATH
  remote: .
  specs:
    pg_pipeline (0.2.3)
      async (~> 2.42)
      pg (>= 1.5, < 2)

GEM
  remote: https://rubygems.org/
  specs:
    async (2.44.0)
      console (~> 1.29)
      fiber-annotation
      io-event (~> 1.11)
    base64 (0.3.0)
    console (1.37.0)
      fiber-annotation
      fiber-local (~> 1.1)
      json
    diff-lcs (1.6.2)
    fiber-annotation (0.2.0)
    fiber-local (1.1.0)
      fiber-storage
    fiber-storage (1.0.1)
    io-event (1.19.4)
    json (2.21.1)
    pg (1.6.3)
    pg (1.6.3-arm64-darwin)
    pg (1.6.3-x86_64-linux)
    rake (13.4.2)
    rspec (3.13.2)
      rspec-core (~> 3.13.0)
      rspec-expectations (~> 3.13.0)
      rspec-mocks (~> 3.13.0)
    rspec-core (3.13.6)
      rspec-support (~> 3.13.0)
    rspec-expectations (3.13.5)
      diff-lcs (>= 1.2.0, < 2.0)
      rspec-support (~> 3.13.0)
    rspec-mocks (3.13.8)
      diff-lcs (>= 1.2.0, < 2.0)
      rspec-support (~> 3.13.0)
    rspec-support (3.13.7)
    ruby-prof (1.7.2)
      base64
    stackprof (0.2.28)

PLATFORMS
  arm64-darwin
  x86_64-linux

DEPENDENCIES
  pg_pipeline!
  rake (~> 13.0)
  rspec (~> 3.13)
  ruby-prof (~> 1.7)
  stackprof (~> 0.2)

BUNDLED WITH
   2.6.7
